// !$*UTF8*$!
{
	archiveVersion = 1;
	classes = {
	};
	objectVersion = 56;
	objects = {

/* Begin PBXBuildFile section */
		07E3432228EAE65D006C4C68 /* AppDelegate.swift in Sources */ = {isa = PBXBuildFile; fileRef = 07E3432128EAE65D006C4C68 /* AppDelegate.swift */; };
		07E3432428EAE65D006C4C68 /* SceneDelegate.swift in Sources */ = {isa = PBXBuildFile; fileRef = 07E3432328EAE65D006C4C68 /* SceneDelegate.swift */; };
		07E3432628EAE65D006C4C68 /* ViewController.swift in Sources */ = {isa = PBXBuildFile; fileRef = 07E3432528EAE65D006C4C68 /* ViewController.swift */; };
		07E3432928EAE65D006C4C68 /* Main.storyboard in Resources */ = {isa = PBXBuildFile; fileRef = 07E3432728EAE65D006C4C68 /* Main.storyboard */; };
		07E3432B28EAE65E006C4C68 /* Assets.xcassets in Resources */ = {isa = PBXBuildFile; fileRef = 07E3432A28EAE65E006C4C68 /* Assets.xcassets */; };
		07E3432E28EAE65E006C4C68 /* LaunchScreen.storyboard in Resources */ = {isa = PBXBuildFile; fileRef = 07E3432C28EAE65E006C4C68 /* LaunchScreen.storyboard */; };
		07E3433928EAE65E006C4C68 /* TodoListTests.swift in Sources */ = {isa = PBXBuildFile; fileRef = 07E3433828EAE65E006C4C68 /* TodoListTests.swift */; };
		07E3434328EAE65E006C4C68 /* TodoListUITests.swift in Sources */ = {isa = PBXBuildFile; fileRef = 07E3434228EAE65E006C4C68 /* TodoListUITests.swift */; };
		07E3434528EAE65E006C4C68 /* TodoListUITestsLaunchTests.swift in Sources */ = {isa = PBXBuildFile; fileRef = 07E3434428EAE65E006C4C68 /* TodoListUITestsLaunchTests.swift */; };
/* End PBXBuildFile section */

/* Begin PBXContainerItemProxy section */
		07E3433528EAE65E006C4C68 /* PBXContainerItemProxy */ = {
			isa = PBXContainerItemProxy;
			containerPortal = 07E3431628EAE65C006C4C68 /* Project object */;
			proxyType = 1;
			remoteGlobalIDString = 07E3431D28EAE65D006C4C68;
			remoteInfo = TodoList;
		};
		07E3433F28EAE65E006C4C68 /* PBXContainerItemProxy */ = {
			isa = PBXContainerItemProxy;
			containerPortal = 07E3431628EAE65C006C4C68 /* Project object */;
			proxyType = 1;
			remoteGlobalIDString = 07E3431D28EAE65D006C4C68;
			remoteInfo = TodoList;
		};
/* End PBXContainerItemProxy section */

/* Begin PBXFileReference section */
		07E3431E28EAE65D006C4C68 /* TodoList.app */ = {isa = PBXFileReference; explicitFileType = wrapper.application; includeInIndex = 0; path = TodoList.app; sourceTree = BUILT_PRODUCTS_DIR; };
		07E3432128EAE65D006C4C68 /* AppDelegate.swift */ = {isa = PBXFileReference; lastKnownFileType = sourcecode.swift; path = AppDelegate.swift; sourceTree = "<group>"; };
		07E3432328EAE65D006C4C68 /* SceneDelegate.swift */ = {isa = PBXFileReference; lastKnownFileType = sourcecode.swift; path = SceneDelegate.swift; sourceTree = "<group>"; };
		07E3432528EAE65D006C4C68 /* ViewController.swift */ = {isa = PBXFileReference; lastKnownFileType = sourcecode.swift; path = ViewController.swift; sourceTree = "<group>"; };
		07E3432828EAE65D006C4C68 /* Base */ = {isa = PBXFileReference; lastKnownFileType = file.storyboard; name = Base; path = Base.lproj/Main.storyboard; sourceTree = "<group>"; };
		07E3432A28EAE65E006C4C68 /* Assets.xcassets */ = {isa = PBXFileReference; lastKnownFileType = folder.assetcatalog; path = Assets.xcassets; sourceTree = "<group>"; };
		07E3432D28EAE65E006C4C68 /* Base */ = {isa = PBXFileReference; lastKnownFileType = file.storyboard; name = Base; path = Base.lproj/LaunchScreen.storyboard; sourceTree = "<group>"; };
		07E3432F28EAE65E006C4C68 /* Info.plist */ = {isa = PBXFileReference; lastKnownFileType = text.plist.xml; path = Info.plist; sourceTree = "<group>"; };
		07E3433428EAE65E006C4C68 /* TodoListTests.xctest */ = {isa = PBXFileReference; explicitFileType = wrapper.cfbundle; includeInIndex = 0; path = TodoListTests.xctest; sourceTree = BUILT_PRODUCTS_DIR; };
		07E3433828EAE65E006C4C68 /* TodoListTests.swift */ = {isa = PBXFileReference; lastKnownFileType = sourcecode.swift; path = TodoListTests.swift; sourceTree = "<group>"; };
		07E3433E28EAE65E006C4C68 /* TodoListUITests.xctest */ = {isa = PBXFileReference; explicitFileType = wrapper.cfbundle; includeInIndex = 0; path = TodoListUITests.xctest; sourceTree = BUILT_PRODUCTS_DIR; };
		07E3434228EAE65E006C4C68 /* TodoListUITests.swift */ = {isa = PBXFileReference; lastKnownFileType = sourcecode.swift; path = TodoListUITests.swift; sourceTree = "<group>"; };
		07E3434428EAE65E006C4C68 /* TodoListUITestsLaunchTests.swift */ = {isa = PBXFileReference; lastKnownFileType = sourcecode.swift; path = TodoListUITestsLaunchTests.swift; sourceTree = "<group>"; };
/* End PBXFileReference section */

/* Begin PBXFrameworksBuildPhase section */
		07E3431B28EAE65D006C4C68 /* Frameworks */ = {
			isa = PBXFrameworksBuildPhase;
			buildActionMask = 2147483647;
			files = (
			);
			runOnlyForDeploymentPostprocessing = 0;
		};
		07E3433128EAE65E006C4C68 /* Frameworks */ = {
			isa = PBXFrameworksBuildPhase;
			buildActionMask = 2147483647;
			files = (
			);
			runOnlyForDeploymentPostprocessing = 0;
		};
		07E3433B28EAE65E006C4C68 /* Frameworks */ = {
			isa = PBXFrameworksBuildPhase;
			buildActionMask = 2147483647;
			files = (
			);
			runOnlyForDeploymentPostprocessing = 0;
		};
/* End PBXFrameworksBuildPhase section */

/* Begin PBXGroup section */
		07E3431528EAE65C006C4C68 = {
			isa = PBXGroup;
			children = (
				07E3432028EAE65D006C4C68 /* TodoList */,
				07E3433728EAE65E006C4C68 /* TodoListTests */,
				07E3434128EAE65E006C4C68 /* TodoListUITests */,
				07E3431F28EAE65D006C4C68 /* Products */,
			);
			sourceTree = "<group>";
		};
		07E3431F28EAE65D006C4C68 /* Products */ = {
			isa = PBXGroup;
			children = (
				07E3431E28EAE65D006C4C68 /* TodoList.app */,
				07E3433428EAE65E006C4C68 /* TodoListTests.xctest */,
				07E3433E28EAE65E006C4C68 /* TodoListUITests.xctest */,
			);
			name = Products;
			sourceTree = "<group>";
		};
		07E3432028EAE65D006C4C68 /* TodoList */ = {
			isa = PBXGroup;
			children = (
				07E3432128EAE65D006C4C68 /* AppDelegate.swift */,
				07E3432328EAE65D006C4C68 /* SceneDelegate.swift */,
				07E3432528EAE65D006C4C68 /* ViewController.swift */,
				07E3432728EAE65D006C4C68 /* Main.storyboard */,
				07E3432A28EAE65E006C4C68 /* Assets.xcassets */,
				07E3432C28EAE65E006C4C68 /* LaunchScreen.storyboard */,
				07E3432F28EAE65E006C4C68 /* Info.plist */,
			);
			path = TodoList;
			sourceTree = "<group>";
		};
		07E3433728EAE65E006C4C68 /* TodoListTests */ = {
			isa = PBXGroup;
			children = (
				07E3433828EAE65E006C4C68 /* TodoListTests.swift */,
			);
			path = TodoListTests;
			sourceTree = "<group>";
		};
		07E3434128EAE65E006C4C68 /* TodoListUITests */ = {
			isa = PBXGroup;
			children = (
				07E3434228EAE65E006C4C68 /* TodoListUITests.swift */,
				07E3434428EAE65E006C4C68 /* TodoListUITestsLaunchTests.swift */,
			);
			path = TodoListUITests;
			sourceTree = "<group>";
		};
/* End PBXGroup section */

/* Begin PBXNativeTarget section */
		07E3431D28EAE65D006C4C68 /* TodoList */ = {
			isa = PBXNativeTarget;
			buildConfigurationList = 07E3434828EAE65E006C4C68 /* Build configuration list for PBXNativeTarget "TodoList" */;
			buildPhases = (
				07E3431A28EAE65D006C4C68 /* Sources */,
				07E3431B28EAE65D006C4C68 /* Frameworks */,
				07E3431C28EAE65D006C4C68 /* Resources */,
			);
			buildRules = (
			);
			dependencies = (
			);
			name = TodoList;
			productName = TodoList;
			productReference = 07E3431E28EAE65D006C4C68 /* TodoList.app */;
			productType = "com.apple.product-type.application";
		};
		07E3433328EAE65E006C4C68 /* TodoListTests */ = {
			isa = PBXNativeTarget;
			buildConfigurationList = 07E3434B28EAE65E006C4C68 /* Build configuration list for PBXNativeTarget "TodoListTests" */;
			buildPhases = (
				07E3433028EAE65E006C4C68 /* Sources */,
				07E3433128EAE65E006C4C68 /* Frameworks */,
				07E3433228EAE65E006C4C68 /* Resources */,
			);
			buildRules = (
			);
			dependencies = (
				07E3433628EAE65E006C4C68 /* PBXTargetDependency */,
			);
			name = TodoListTests;
			productName = TodoListTests;
			productReference = 07E3433428EAE65E006C4C68 /* TodoListTests.xctest */;
			productType = "com.apple.product-type.bundle.unit-test";
		};
		07E3433D28EAE65E006C4C68 /* TodoListUITests */ = {
			isa = PBXNativeTarget;
			buildConfigurationList = 07E3434E28EAE65E006C4C68 /* Build configuration list for PBXNativeTarget "TodoListUITests" */;
			buildPhases = (
				07E3433A28EAE65E006C4C68 /* Sources */,
				07E3433B28EAE65E006C4C68 /* Frameworks */,
				07E3433C28EAE65E006C4C68 /* Resources */,
			);
			buildRules = (
			);
			dependencies = (
				07E3434028EAE65E006C4C68 /* PBXTargetDependency */,
			);
			name = TodoListUITests;
			productName = TodoListUITests;
			productReference = 07E3433E28EAE65E006C4C68 /* TodoListUITests.xctest */;
			productType = "com.apple.product-type.bundle.ui-testing";
		};
/* End PBXNativeTarget section */

/* Begin PBXProject section */
		07E3431628EAE65C006C4C68 /* Project object */ = {
			isa = PBXProject;
			attributes = {
				BuildIndependentTargetsInParallel = 1;
				LastSwiftUpdateCheck = 1400;
				LastUpgradeCheck = 1400;
				TargetAttributes = {
					07E3431D28EAE65D006C4C68 = {
						CreatedOnToolsVersion = 14.0.1;
					};
					07E3433328EAE65E006C4C68 = {
						CreatedOnToolsVersion = 14.0.1;
						TestTargetID = 07E3431D28EAE65D006C4C68;
					};
					07E3433D28EAE65E006C4C68 = {
						CreatedOnToolsVersion = 14.0.1;
						TestTargetID = 07E3431D28EAE65D006C4C68;
					};
				};
			};
			buildConfigurationList = 07E3431928EAE65C006C4C68 /* Build configuration list for PBXProject "TodoList" */;
			compatibilityVersion = "Xcode 14.0";
			developmentRegion = en;
			hasScannedForEncodings = 0;
			knownRegions = (
				en,
				Base,
			);
			mainGroup = 07E3431528EAE65C006C4C68;
			productRefGroup = 07E3431F28EAE65D006C4C68 /* Products */;
			projectDirPath = "";
			projectRoot = "";
			targets = (
				07E3431D28EAE65D006C4C68 /* TodoList */,
				07E3433328EAE65E006C4C68 /* TodoListTests */,
				07E3433D28EAE65E006C4C68 /* TodoListUITests */,
			);
		};
/* End PBXProject section */

/* Begin PBXResourcesBuildPhase section */
		07E3431C28EAE65D006C4C68 /* Resources */ = {
			isa = PBXResourcesBuildPhase;
			buildActionMask = 2147483647;
			files = (
				07E3432E28EAE65E006C4C68 /* LaunchScreen.storyboard in Resources */,
				07E3432B28EAE65E006C4C68 /* Assets.xcassets in Resources */,
				07E3432928EAE65D006C4C68 /* Main.storyboard in Resources */,
			);
			runOnlyForDeploymentPostprocessing = 0;
		};
		07E3433228EAE65E006C4C68 /* Resources */ = {
			isa = PBXResourcesBuildPhase;
			buildActionMask = 2147483647;
			files = (
			);
			runOnlyForDeploymentPostprocessing = 0;
		};
		07E3433C28EAE65E006C4C68 /* Resources */ = {
			isa = PBXResourcesBuildPhase;
			buildActionMask = 2147483647;
			files = (
			);
			runOnlyForDeploymentPostprocessing = 0;
		};
/* End PBXResourcesBuildPhase section */

/* Begin PBXSourcesBuildPhase section */
		07E3431A28EAE65D006C4C68 /* Sources */ = {
			isa = PBXSourcesBuildPhase;
			buildActionMask = 2147483647;
			files = (
				07E3432628EAE65D006C4C68 /* ViewController.swift in Sources */,
				07E3432228EAE65D006C4C68 /* AppDelegate.swift in Sources */,
				07E3432428EAE65D006C4C68 /* SceneDelegate.swift in Sources */,
			);
			runOnlyForDeploymentPostprocessing = 0;
		};
		07E3433028EAE65E006C4C68 /* Sources */ = {
			isa = PBXSourcesBuildPhase;
			buildActionMask = 2147483647;
			files = (
				07E3433928EAE65E006C4C68 /* TodoListTests.swift in Sources */,
			);
			runOnlyForDeploymentPostprocessing = 0;
		};
		07E3433A28EAE65E006C4C68 /* Sources */ = {
			isa = PBXSourcesBuildPhase;
			buildActionMask = 2147483647;
			files = (
				07E3434528EAE65E006C4C68 /* TodoListUITestsLaunchTests.swift in Sources */,
				07E3434328EAE65E006C4C68 /* TodoListUITests.swift in Sources */,
			);
			runOnlyForDeploymentPostprocessing = 0;
		};
/* End PBXSourcesBuildPhase section */

/* Begin PBXTargetDependency section */
		07E3433628EAE65E006C4C68 /* PBXTargetDependency */ = {
			isa = PBXTargetDependency;
			target = 07E3431D28EAE65D006C4C68 /* TodoList */;
			targetProxy = 07E3433528EAE65E006C4C68 /* PBXContainerItemProxy */;
		};
		07E3434028EAE65E006C4C68 /* PBXTargetDependency */ = {
			isa = PBXTargetDependency;
			target = 07E3431D28EAE65D006C4C68 /* TodoList */;
			targetProxy = 07E3433F28EAE65E006C4C68 /* PBXContainerItemProxy */;
		};
/* End PBXTargetDependency section */

/* Begin PBXVariantGroup section */
		07E3432728EAE65D006C4C68 /* Main.storyboard */ = {
			isa = PBXVariantGroup;
			children = (
				07E3432828EAE65D006C4C68 /* Base */,
			);
			name = Main.storyboard;
			sourceTree = "<group>";
		};
		07E3432C28EAE65E006C4C68 /* LaunchScreen.storyboard */ = {
			isa = PBXVariantGroup;
			children = (
				07E3432D28EAE65E006C4C68 /* Base */,
			);
			name = LaunchScreen.storyboard;
			sourceTree = "<group>";
		};
/* End PBXVariantGroup section */

/* Begin XCBuildConfiguration section */
		07E3434628EAE65E006C4C68 /* Debug */ = {
			isa = XCBuildConfiguration;
			buildSettings = {
				ALWAYS_SEARCH_USER_PATHS = NO;
				CLANG_ANALYZER_NONNULL = YES;
				CLANG_ANALYZER_NUMBER_OBJECT_CONVERSION = YES_AGGRESSIVE;
				CLANG_CXX_LANGUAGE_STANDARD = "gnu++20";
				CLANG_ENABLE_MODULES = YES;
				CLANG_ENABLE_OBJC_ARC = YES;
				CLANG_ENABLE_OBJC_WEAK = YES;
				CLANG_WARN_BLOCK_CAPTURE_AUTORELEASING = YES;
				CLANG_WARN_BOOL_CONVERSION = YES;
				CLANG_WARN_COMMA = YES;
				CLANG_WARN_CONSTANT_CONVERSION = YES;
				CLANG_WARN_DEPRECATED_OBJC_IMPLEMENTATIONS = YES;
				CLANG_WARN_DIRECT_OBJC_ISA_USAGE = YES_ERROR;
				CLANG_WARN_DOCUMENTATION_COMMENTS = YES;
				CLANG_WARN_EMPTY_BODY = YES;
				CLANG_WARN_ENUM_CONVERSION = YES;
				CLANG_WARN_INFINITE_RECURSION = YES;
				CLANG_WARN_INT_CONVERSION = YES;
				CLANG_WARN_NON_LITERAL_NULL_CONVERSION = YES;
				CLANG_WARN_OBJC_IMPLICIT_RETAIN_SELF = YES;
				CLANG_WARN_OBJC_LITERAL_CONVERSION = YES;
				CLANG_WARN_OBJC_ROOT_CLASS = YES_ERROR;
				CLANG_WARN_QUOTED_INCLUDE_IN_FRAMEWORK_HEADER = YES;
				CLANG_WARN_RANGE_LOOP_ANALYSIS = YES;
				CLANG_WARN_STRICT_PROTOTYPES = YES;
				CLANG_WARN_SUSPICIOUS_MOVE = YES;
				CLANG_WARN_UNGUARDED_AVAILABILITY = YES_AGGRESSIVE;
				CLANG_WARN_UNREACHABLE_CODE = YES;
				CLANG_WARN__DUPLICATE_METHOD_MATCH = YES;
				COPY_PHASE_STRIP = NO;
				DEBUG_INFORMATION_FORMAT = dwarf;
				ENABLE_STRICT_OBJC_MSGSEND = YES;
				ENABLE_TESTABILITY = YES;
				GCC_C_LANGUAGE_STANDARD = gnu11;
				GCC_DYNAMIC_NO_PIC = NO;
				GCC_NO_COMMON_BLOCKS = YES;
				GCC_OPTIMIZATION_LEVEL = 0;
				GCC_PREPROCESSOR_DEFINITIONS = (
					"DEBUG=1",
					"$(inherited)",
				);
				GCC_WARN_64_TO_32_BIT_CONVERSION = YES;
				GCC_WARN_ABOUT_RETURN_TYPE = YES_ERROR;
				GCC_WARN_UNDECLARED_SELECTOR = YES;
				GCC_WARN_UNINITIALIZED_AUTOS = YES_AGGRESSIVE;
				GCC_WARN_UNUSED_FUNCTION = YES;
				GCC_WARN_UNUSED_VARIABLE = YES;
				IPHONEOS_DEPLOYMENT_TARGET = 16.0;
				MTL_ENABLE_DEBUG_INFO = INCLUDE_SOURCE;
				MTL_FAST_MATH = YES;
				ONLY_ACTIVE_ARCH = YES;
				SDKROOT = iphoneos;
				SWIFT_ACTIVE_COMPILATION_CONDITIONS = DEBUG;
				SWIFT_OPTIMIZATION_LEVEL = "-Onone";
			};
			name = Debug;
		};
		07E3434728EAE65E006C4C68 /* Release */ = {
			isa = XCBuildConfiguration;
			buildSettings = {
				ALWAYS_SEARCH_USER_PATHS = NO;
				CLANG_ANALYZER_NONNULL = YES;
				CLANG_ANALYZER_NUMBER_OBJECT_CONVERSION = YES_AGGRESSIVE;
				CLANG_CXX_LANGUAGE_STANDARD = "gnu++20";
				CLANG_ENABLE_MODULES = YES;
				CLANG_ENABLE_OBJC_ARC = YES;
				CLANG_ENABLE_OBJC_WEAK = YES;
				CLANG_WARN_BLOCK_CAPTURE_AUTORELEASING = YES;
				CLANG_WARN_BOOL_CONVERSION = YES;
				CLANG_WARN_COMMA = YES;
				CLANG_WARN_CONSTANT_CONVERSION = YES;
				CLANG_WARN_DEPRECATED_OBJC_IMPLEMENTATIONS = YES;
				CLANG_WARN_DIRECT_OBJC_ISA_USAGE = YES_ERROR;
				CLANG_WARN_DOCUMENTATION_COMMENTS = YES;
				CLANG_WARN_EMPTY_BODY = YES;
				CLANG_WARN_ENUM_CONVERSION = YES;
				CLANG_WARN_INFINITE_RECURSION = YES;
				CLANG_WARN_INT_CONVERSION = YES;
				CLANG_WARN_NON_LITERAL_NULL_CONVERSION = YES;
				CLANG_WARN_OBJC_IMPLICIT_RETAIN_SELF = YES;
				CLANG_WARN_OBJC_LITERAL_CONVERSION = YES;
				CLANG_WARN_OBJC_ROOT_CLASS = YES_ERROR;
				CLANG_WARN_QUOTED_INCLUDE_IN_FRAMEWORK_HEADER = YES;
				CLANG_WARN_RANGE_LOOP_ANALYSIS = YES;
				CLANG_WARN_STRICT_PROTOTYPES = YES;
				CLANG_WARN_SUSPICIOUS_MOVE = YES;
				CLANG_WARN_UNGUARDED_AVAILABILITY = YES_AGGRESSIVE;
				CLANG_WARN_UNREACHABLE_CODE = YES;
				CLANG_WARN__DUPLICATE_METHOD_MATCH = YES;
				COPY_PHASE_STRIP = NO;
				DEBUG_INFORMATION_FORMAT = "dwarf-with-dsym";
				ENABLE_NS_ASSERTIONS = NO;
				ENABLE_STRICT_OBJC_MSGSEND = YES;
				GCC_C_LANGUAGE_STANDARD = gnu11;
				GCC_NO_COMMON_BLOCKS = YES;
				GCC_WARN_64_TO_32_BIT_CONVERSION = YES;
				GCC_WARN_ABOUT_RETURN_TYPE = YES_ERROR;
				GCC_WARN_UNDECLARED_SELECTOR = YES;
				GCC_WARN_UNINITIALIZED_AUTOS = YES_AGGRESSIVE;
				GCC_WARN_UNUSED_FUNCTION = YES;
				GCC_WARN_UNUSED_VARIABLE = YES;
				IPHONEOS_DEPLOYMENT_TARGET = 16.0;
				MTL_ENABLE_DEBUG_INFO = NO;
				MTL_FAST_MATH = YES;
				SDKROOT = iphoneos;
				SWIFT_COMPILATION_MODE = wholemodule;
				SWIFT_OPTIMIZATION_LEVEL = "-O";
				VALIDATE_PRODUCT = YES;
			};
			name = Release;
		};
		07E3434928EAE65E006C4C68 /* Debug */ = {
			isa = XCBuildConfiguration;
			buildSettings = {
				ASSETCATALOG_COMPILER_APPICON_NAME = AppIcon;
				ASSETCATALOG_COMPILER_GLOBAL_ACCENT_COLOR_NAME = AccentColor;
				CODE_SIGN_STYLE = Automatic;
				CURRENT_PROJECT_VERSION = 1;
				DEVELOPMENT_TEAM = W52H926X8C;
				GENERATE_INFOPLIST_FILE = YES;
				INFOPLIST_FILE = TodoList/Info.plist;
				INFOPLIST_KEY_UIApplicationSupportsIndirectInputEvents = YES;
				INFOPLIST_KEY_UILaunchStoryboardName = LaunchScreen;
				INFOPLIST_KEY_UIMainStoryboardFile = Main;
				INFOPLIST_KEY_UISupportedInterfaceOrientations_iPad = "UIInterfaceOrientationPortrait UIInterfaceOrientationPortraitUpsideDown UIInterfaceOrientationLandscapeLeft UIInterfaceOrientationLandscapeRight";
				INFOPLIST_KEY_UISupportedInterfaceOrientations_iPhone = "UIInterfaceOrientationPortrait UIInterfaceOrientationLandscapeLeft UIInterfaceOrientationLandscapeRight";
				LD_RUNPATH_SEARCH_PATHS = (
					"$(inherited)",
					"@executable_path/Frameworks",
				);
				MARKETING_VERSION = 1.0;
				PRODUCT_BUNDLE_IDENTIFIER = "Quang-Ha.TodoList";
				PRODUCT_NAME = "$(TARGET_NAME)";
				SWIFT_EMIT_LOC_STRINGS = YES;
				SWIFT_VERSION = 5.0;
				TARGETED_DEVICE_FAMILY = "1,2";
			};
			name = Debug;
		};
		07E3434A28EAE65E006C4C68 /* Release */ = {
			isa = XCBuildConfiguration;
			buildSettings = {
				ASSETCATALOG_COMPILER_APPICON_NAME = AppIcon;
				ASSETCATALOG_COMPILER_GLOBAL_ACCENT_COLOR_NAME = AccentColor;
				CODE_SIGN_STYLE = Automatic;
				CURRENT_PROJECT_VERSION = 1;
				DEVELOPMENT_TEAM = W52H926X8C;
				GENERATE_INFOPLIST_FILE = YES;
				INFOPLIST_FILE = TodoList/Info.plist;
				INFOPLIST_KEY_UIApplicationSupportsIndirectInputEvents = YES;
				INFOPLIST_KEY_UILaunchStoryboardName = LaunchScreen;
				INFOPLIST_KEY_UIMainStoryboardFile = Main;
				INFOPLIST_KEY_UISupportedInterfaceOrientations_iPad = "UIInterfaceOrientationPortrait UIInterfaceOrientationPortraitUpsideDown UIInterfaceOrientationLandscapeLeft UIInterfaceOrientationLandscapeRight";
				INFOPLIST_KEY_UISupportedInterfaceOrientations_iPhone = "UIInterfaceOrientationPortrait UIInterfaceOrientationLandscapeLeft UIInterfaceOrientationLandscapeRight";
				LD_RUNPATH_SEARCH_PATHS = (
					"$(inherited)",
					"@executable_path/Frameworks",
				);
				MARKETING_VERSION = 1.0;
				PRODUCT_BUNDLE_IDENTIFIER = "Quang-Ha.TodoList";
				PRODUCT_NAME = "$(TARGET_NAME)";
				SWIFT_EMIT_LOC_STRINGS = YES;
				SWIFT_VERSION = 5.0;
				TARGETED_DEVICE_FAMILY = "1,2";
			};
			name = Release;
		};
		07E3434C28EAE65E006C4C68 /* Debug */ = {
			isa = XCBuildConfiguration;
			buildSettings = {
				ALWAYS_EMBED_SWIFT_STANDARD_LIBRARIES = YES;
				BUNDLE_LOADER = "$(TEST_HOST)";
				CODE_SIGN_STYLE = Automatic;
				CURRENT_PROJECT_VERSION = 1;
				DEVELOPMENT_TEAM = W52H926X8C;
				GENERATE_INFOPLIST_FILE = YES;
				IPHONEOS_DEPLOYMENT_TARGET = 16.0;
				MARKETING_VERSION = 1.0;
				PRODUCT_BUNDLE_IDENTIFIER = "Quang-Ha.TodoListTests";
				PRODUCT_NAME = "$(TARGET_NAME)";
				SWIFT_EMIT_LOC_STRINGS = NO;
				SWIFT_VERSION = 5.0;
				TARGETED_DEVICE_FAMILY = "1,2";
				TEST_HOST = "$(BUILT_PRODUCTS_DIR)/TodoList.app/$(BUNDLE_EXECUTABLE_FOLDER_PATH)/TodoList";
			};
			name = Debug;
		};
		07E3434D28EAE65E006C4C68 /* Release */ = {
			isa = XCBuildConfiguration;
			buildSettings = {
				ALWAYS_EMBED_SWIFT_STANDARD_LIBRARIES = YES;
				BUNDLE_LOADER = "$(TEST_HOST)";
				CODE_SIGN_STYLE = Automatic;
				CURRENT_PROJECT_VERSION = 1;
				DEVELOPMENT_TEAM = W52H926X8C;
				GENERATE_INFOPLIST_FILE = YES;
				IPHONEOS_DEPLOYMENT_TARGET = 16.0;
				MARKETING_VERSION = 1.0;
				PRODUCT_BUNDLE_IDENTIFIER = "Quang-Ha.TodoListTests";
				PRODUCT_NAME = "$(TARGET_NAME)";
				SWIFT_EMIT_LOC_STRINGS = NO;
				SWIFT_VERSION = 5.0;
				TARGETED_DEVICE_FAMILY = "1,2";
				TEST_HOST = "$(BUILT_PRODUCTS_DIR)/TodoList.app/$(BUNDLE_EXECUTABLE_FOLDER_PATH)/TodoList";
			};
			name = Release;
		};
		07E3434F28EAE65E006C4C68 /* Debug */ = {
			isa = XCBuildConfiguration;
			buildSettings = {
				ALWAYS_EMBED_SWIFT_STANDARD_LIBRARIES = YES;
				CODE_SIGN_STYLE = Automatic;
				CURRENT_PROJECT_VERSION = 1;
				DEVELOPMENT_TEAM = W52H926X8C;
				GENERATE_INFOPLIST_FILE = YES;
				MARKETING_VERSION = 1.0;
				PRODUCT_BUNDLE_IDENTIFIER = "Quang-Ha.TodoListUITests";
				PRODUCT_NAME = "$(TARGET_NAME)";
				SWIFT_EMIT_LOC_STRINGS = NO;
				SWIFT_VERSION = 5.0;
				TARGETED_DEVICE_FAMILY = "1,2";
				TEST_TARGET_NAME = TodoList;
			};
			name = Debug;
		};
		07E3435028EAE65E006C4C68 /* Release */ = {
			isa = XCBuildConfiguration;
			buildSettings = {
				ALWAYS_EMBED_SWIFT_STANDARD_LIBRARIES = YES;
				CODE_SIGN_STYLE = Automatic;
				CURRENT_PROJECT_VERSION = 1;
				DEVELOPMENT_TEAM = W52H926X8C;
				GENERATE_INFOPLIST_FILE = YES;
				MARKETING_VERSION = 1.0;
				PRODUCT_BUNDLE_IDENTIFIER = "Quang-Ha.TodoListUITests";
				PRODUCT_NAME = "$(TARGET_NAME)";
				SWIFT_EMIT_LOC_STRINGS = NO;
				SWIFT_VERSION = 5.0;
				TARGETED_DEVICE_FAMILY = "1,2";
				TEST_TARGET_NAME = TodoList;
			};
			name = Release;
		};
/* End XCBuildConfiguration section */

/* Begin XCConfigurationList section */
		07E3431928EAE65C006C4C68 /* Build configuration list for PBXProject "TodoList" */ = {
			isa = XCConfigurationList;
			buildConfigurations = (
				07E3434628EAE65E006C4C68 /* Debug */,
				07E3434728EAE65E006C4C68 /* Release */,
			);
			defaultConfigurationIsVisible = 0;
			defaultConfigurationName = Release;
		};
		07E3434828EAE65E006C4C68 /* Build configuration list for PBXNativeTarget "TodoList" */ = {
			isa = XCConfigurationList;
			buildConfigurations = (
				07E3434928EAE65E006C4C68 /* Debug */,
				07E3434A28EAE65E006C4C68 /* Release */,
			);
			defaultConfigurationIsVisible = 0;
			defaultConfigurationName = Release;
		};
		07E3434B28EAE65E006C4C68 /* Build configuration list for PBXNativeTarget "TodoListTests" */ = {
			isa = XCConfigurationList;
			buildConfigurations = (
				07E3434C28EAE65E006C4C68 /* Debug */,
				07E3434D28EAE65E006C4C68 /* Release */,
			);
			defaultConfigurationIsVisible = 0;
			defaultConfigurationName = Release;
		};
		07E3434E28EAE65E006C4C68 /* Build configuration list for PBXNativeTarget "TodoListUITests" */ = {
			isa = XCConfigurationList;
			buildConfigurations = (
				07E3434F28EAE65E006C4C68 /* Debug */,
				07E3435028EAE65E006C4C68 /* Release */,
			);
			defaultConfigurationIsVisible = 0;
			defaultConfigurationName = Release;
		};
/* End XCConfigurationList section */
	};
	rootObject = 07E3431628EAE65C006C4C68 /* Project object */;
}
